
Microsoft Visual Studio Solution File, Format Version 12.00
# Visual Studio Version 17
VisualStudioVersion = 17.5.002.0
MinimumVisualStudioVersion = 10.0.40219.1
Project("{9A19103F-16F7-4668-BE54-9A1E7A4F7556}") = "IdentityWebApi", "IdentityWebApi.csproj", "{C189EA54-CD41-4F19-AE42-67787006817C}"
EndProject
Global
	GlobalSection(SolutionConfigurationPlatforms) = preSolution
		Debug|Any CPU = Debug|Any CPU
		Release|Any CPU = Release|Any CPU
	EndGlobalSection
	GlobalSection(ProjectConfigurationPlatforms) = postSolution
		{C189EA54-CD41-4F19-AE42-67787006817C}.Debug|Any CPU.ActiveCfg = Debug|Any CPU
		{C189EA54-CD41-4F19-AE42-67787006817C}.Debug|Any CPU.Build.0 = Debug|Any CPU
		{C189EA54-CD41-4F19-AE42-67787006817C}.Release|Any CPU.ActiveCfg = Release|Any CPU
		{C189EA54-CD41-4F19-AE42-67787006817C}.Release|Any CPU.Build.0 = Release|Any CPU
	EndGlobalSection
	GlobalSection(SolutionProperties) = preSolution
		HideSolutionNode = FALSE
	EndGlobalSection
	GlobalSection(ExtensibilityGlobals) = postSolution
		SolutionGuid = {4ADA7E19-874C-4F55-B4DC-218C7B3E63F7}
	EndGlobalSection
EndGlobal
